
Microsoft Visual Studio Solution File, Format Version 12.00
# Visual Studio 15
VisualStudioVersion = 15.0.28307.1145
MinimumVisualStudioVersion = 10.0.40219.1
Project("{9A19103F-16F7-4668-BE54-9A1E7A4F7556}") = "NotificationsPoC", "NotificationsPoC.csproj", "{7B230361-1983-45F8-AA72-AFCFBE5300FC}"
EndProject
Global
	GlobalSection(SolutionConfigurationPlatforms) = preSolution
		Debug|Any CPU = Debug|Any CPU
		Release|Any CPU = Release|Any CPU
	EndGlobalSection
	GlobalSection(ProjectConfigurationPlatforms) = postSolution
		{7B230361-1983-45F8-AA72-AFCFBE5300FC}.Debug|Any CPU.ActiveCfg = Debug|Any CPU
		{7B230361-1983-45F8-AA72-AFCFBE5300FC}.Debug|Any CPU.Build.0 = Debug|Any CPU
		{7B230361-1983-45F8-AA72-AFCFBE5300FC}.Release|Any CPU.ActiveCfg = Release|Any CPU
		{7B230361-1983-45F8-AA72-AFCFBE5300FC}.Release|Any CPU.Build.0 = Release|Any CPU
	EndGlobalSection
	GlobalSection(SolutionProperties) = preSolution
		HideSolutionNode = FALSE
	EndGlobalSection
	GlobalSection(ExtensibilityGlobals) = postSolution
		SolutionGuid = {A4DE4FBF-2783-436A-B551-653F303B22BE}
	EndGlobalSection
EndGlobal
